// !$*UTF8*$!
{
	archiveVersion = 1;
	classes = {
	};
	objectVersion = 50;
	objects = {

/* Begin PBXBuildFile section */
		652E9B3622A0334100A8AF69 /* AppDelegate.swift in Sources */ = {isa = PBXBuildFile; fileRef = 652E9B3522A0334100A8AF69 /* AppDelegate.swift */; };
		652E9B3B22A0334100A8AF69 /* Main.storyboard in Resources */ = {isa = PBXBuildFile; fileRef = 652E9B3922A0334100A8AF69 /* Main.storyboard */; };
		652E9B3D22A0334200A8AF69 /* Assets.xcassets in Resources */ = {isa = PBXBuildFile; fileRef = 652E9B3C22A0334200A8AF69 /* Assets.xcassets */; };
		652E9B4022A0334200A8AF69 /* LaunchScreen.storyboard in Resources */ = {isa = PBXBuildFile; fileRef = 652E9B3E22A0334200A8AF69 /* LaunchScreen.storyboard */; };
		652E9B4E22A10AAE00A8AF69 /* UserListViewController.swift in Sources */ = {isa = PBXBuildFile; fileRef = 652E9B4D22A10AAE00A8AF69 /* UserListViewController.swift */; };
		652E9B5522A11B4400A8AF69 /* UserTableViewCell.swift in Sources */ = {isa = PBXBuildFile; fileRef = 652E9B5422A11B4400A8AF69 /* UserTableViewCell.swift */; };
		652E9B5722A11BBE00A8AF69 /* UserDataList.swift in Sources */ = {isa = PBXBuildFile; fileRef = 652E9B5622A11BBE00A8AF69 /* UserDataList.swift */; };
		652E9B5922A11BCA00A8AF69 /* UserData.swift in Sources */ = {isa = PBXBuildFile; fileRef = 652E9B5822A11BCA00A8AF69 /* UserData.swift */; };
		652E9B5E22A1239D00A8AF69 /* Request.swift in Sources */ = {isa = PBXBuildFile; fileRef = 652E9B5D22A1239D00A8AF69 /* Request.swift */; };
		652E9B6022A1242800A8AF69 /* Constants.swift in Sources */ = {isa = PBXBuildFile; fileRef = 652E9B5F22A1242800A8AF69 /* Constants.swift */; };
		652E9B6222A129E700A8AF69 /* UserService.swift in Sources */ = {isa = PBXBuildFile; fileRef = 652E9B6122A129E700A8AF69 /* UserService.swift */; };
		652E9B6422A1435300A8AF69 /* Reachability.swift in Sources */ = {isa = PBXBuildFile; fileRef = 652E9B6322A1435300A8AF69 /* Reachability.swift */; };
		652E9B6622A18B5400A8AF69 /* ImageExtension.swift in Sources */ = {isa = PBXBuildFile; fileRef = 652E9B6522A18B5400A8AF69 /* ImageExtension.swift */; };
		776D15D4DE77180993952F31 /* Pods_Neva.framework in Frameworks */ = {isa = PBXBuildFile; fileRef = 05724386391D8ECC24402114 /* Pods_Neva.framework */; };
/* End PBXBuildFile section */

/* Begin PBXFileReference section */
		05724386391D8ECC24402114 /* Pods_Neva.framework */ = {isa = PBXFileReference; explicitFileType = wrapper.framework; includeInIndex = 0; path = Pods_Neva.framework; sourceTree = BUILT_PRODUCTS_DIR; };
		652E9B3222A0334100A8AF69 /* Neva.app */ = {isa = PBXFileReference; explicitFileType = wrapper.application; includeInIndex = 0; path = Neva.app; sourceTree = BUILT_PRODUCTS_DIR; };
		652E9B3522A0334100A8AF69 /* AppDelegate.swift */ = {isa = PBXFileReference; lastKnownFileType = sourcecode.swift; path = AppDelegate.swift; sourceTree = "<group>"; };
		652E9B3A22A0334100A8AF69 /* Base */ = {isa = PBXFileReference; lastKnownFileType = file.storyboard; name = Base; path = Base.lproj/Main.storyboard; sourceTree = "<group>"; };
		652E9B3C22A0334200A8AF69 /* Assets.xcassets */ = {isa = PBXFileReference; lastKnownFileType = folder.assetcatalog; path = Assets.xcassets; sourceTree = "<group>"; };
		652E9B3F22A0334200A8AF69 /* Base */ = {isa = PBXFileReference; lastKnownFileType = file.storyboard; name = Base; path = Base.lproj/LaunchScreen.storyboard; sourceTree = "<group>"; };
		652E9B4122A0334300A8AF69 /* Info.plist */ = {isa = PBXFileReference; lastKnownFileType = text.plist.xml; path = Info.plist; sourceTree = "<group>"; };
		652E9B4D22A10AAE00A8AF69 /* UserListViewController.swift */ = {isa = PBXFileReference; lastKnownFileType = sourcecode.swift; path = UserListViewController.swift; sourceTree = "<group>"; };
		652E9B5422A11B4400A8AF69 /* UserTableViewCell.swift */ = {isa = PBXFileReference; lastKnownFileType = sourcecode.swift; path = UserTableViewCell.swift; sourceTree = "<group>"; };
		652E9B5622A11BBE00A8AF69 /* UserDataList.swift */ = {isa = PBXFileReference; lastKnownFileType = sourcecode.swift; path = UserDataList.swift; sourceTree = "<group>"; };
		652E9B5822A11BCA00A8AF69 /* UserData.swift */ = {isa = PBXFileReference; lastKnownFileType = sourcecode.swift; path = UserData.swift; sourceTree = "<group>"; };
		652E9B5D22A1239D00A8AF69 /* Request.swift */ = {isa = PBXFileReference; lastKnownFileType = sourcecode.swift; path = Request.swift; sourceTree = "<group>"; };
		652E9B5F22A1242800A8AF69 /* Constants.swift */ = {isa = PBXFileReference; lastKnownFileType = sourcecode.swift; path = Constants.swift; sourceTree = "<group>"; };
		652E9B6122A129E700A8AF69 /* UserService.swift */ = {isa = PBXFileReference; lastKnownFileType = sourcecode.swift; path = UserService.swift; sourceTree = "<group>"; };
		652E9B6322A1435300A8AF69 /* Reachability.swift */ = {isa = PBXFileReference; lastKnownFileType = sourcecode.swift; path = Reachability.swift; sourceTree = "<group>"; };
		652E9B6522A18B5400A8AF69 /* ImageExtension.swift */ = {isa = PBXFileReference; lastKnownFileType = sourcecode.swift; path = ImageExtension.swift; sourceTree = "<group>"; };
		BF712A57301E529DDFAA67DB /* Pods-Neva.release.xcconfig */ = {isa = PBXFileReference; includeInIndex = 1; lastKnownFileType = text.xcconfig; name = "Pods-Neva.release.xcconfig"; path = "Target Support Files/Pods-Neva/Pods-Neva.release.xcconfig"; sourceTree = "<group>"; };
		FAFC2E87CE84D14FD7E4D649 /* Pods-Neva.debug.xcconfig */ = {isa = PBXFileReference; includeInIndex = 1; lastKnownFileType = text.xcconfig; name = "Pods-Neva.debug.xcconfig"; path = "Target Support Files/Pods-Neva/Pods-Neva.debug.xcconfig"; sourceTree = "<group>"; };
/* End PBXFileReference section */

/* Begin PBXFrameworksBuildPhase section */
		652E9B2F22A0334100A8AF69 /* Frameworks */ = {
			isa = PBXFrameworksBuildPhase;
			buildActionMask = 2147483647;
			files = (
				776D15D4DE77180993952F31 /* Pods_Neva.framework in Frameworks */,
			);
			runOnlyForDeploymentPostprocessing = 0;
		};
/* End PBXFrameworksBuildPhase section */

/* Begin PBXGroup section */
		652E9B2922A0334100A8AF69 = {
			isa = PBXGroup;
			children = (
				652E9B3422A0334100A8AF69 /* Neva */,
				652E9B3322A0334100A8AF69 /* Products */,
				7CEE049845D3D5307B5B8707 /* Pods */,
				A4CFEE44467063AD78205FD1 /* Frameworks */,
			);
			sourceTree = "<group>";
		};
		652E9B3322A0334100A8AF69 /* Products */ = {
			isa = PBXGroup;
			children = (
				652E9B3222A0334100A8AF69 /* Neva.app */,
			);
			name = Products;
			sourceTree = "<group>";
		};
		652E9B3422A0334100A8AF69 /* Neva */ = {
			isa = PBXGroup;
			children = (
				652E9B5A22A1238600A8AF69 /* Networking */,
				652E9B4B22A10A6D00A8AF69 /* Utilities */,
				652E9B4A22A10A6300A8AF69 /* Services */,
				652E9B4922A10A5B00A8AF69 /* ViewControllers */,
				652E9B4822A10A5600A8AF69 /* Views */,
				652E9B4722A10A5100A8AF69 /* Models */,
				652E9B3522A0334100A8AF69 /* AppDelegate.swift */,
				652E9B3922A0334100A8AF69 /* Main.storyboard */,
				652E9B3C22A0334200A8AF69 /* Assets.xcassets */,
				652E9B3E22A0334200A8AF69 /* LaunchScreen.storyboard */,
				652E9B4122A0334300A8AF69 /* Info.plist */,
			);
			path = Neva;
			sourceTree = "<group>";
		};
		652E9B4722A10A5100A8AF69 /* Models */ = {
			isa = PBXGroup;
			children = (
				652E9B5622A11BBE00A8AF69 /* UserDataList.swift */,
				652E9B5822A11BCA00A8AF69 /* UserData.swift */,
			);
			path = Models;
			sourceTree = "<group>";
		};
		652E9B4822A10A5600A8AF69 /* Views */ = {
			isa = PBXGroup;
			children = (
				652E9B5422A11B4400A8AF69 /* UserTableViewCell.swift */,
			);
			path = Views;
			sourceTree = "<group>";
		};
		652E9B4922A10A5B00A8AF69 /* ViewControllers */ = {
			isa = PBXGroup;
			children = (
				652E9B4D22A10AAE00A8AF69 /* UserListViewController.swift */,
			);
			path = ViewControllers;
			sourceTree = "<group>";
		};
		652E9B4A22A10A6300A8AF69 /* Services */ = {
			isa = PBXGroup;
			children = (
				652E9B6122A129E700A8AF69 /* UserService.swift */,
			);
			path = Services;
			sourceTree = "<group>";
		};
		652E9B4B22A10A6D00A8AF69 /* Utilities */ = {
			isa = PBXGroup;
			children = (
				652E9B5F22A1242800A8AF69 /* Constants.swift */,
				652E9B6322A1435300A8AF69 /* Reachability.swift */,
				652E9B6522A18B5400A8AF69 /* ImageExtension.swift */,
			);
			path = Utilities;
			sourceTree = "<group>";
		};
		652E9B5A22A1238600A8AF69 /* Networking */ = {
			isa = PBXGroup;
			children = (
				652E9B5D22A1239D00A8AF69 /* Request.swift */,
			);
			path = Networking;
			sourceTree = "<group>";
		};
		7CEE049845D3D5307B5B8707 /* Pods */ = {
			isa = PBXGroup;
			children = (
				FAFC2E87CE84D14FD7E4D649 /* Pods-Neva.debug.xcconfig */,
				BF712A57301E529DDFAA67DB /* Pods-Neva.release.xcconfig */,
			);
			path = Pods;
			sourceTree = "<group>";
		};
		A4CFEE44467063AD78205FD1 /* Frameworks */ = {
			isa = PBXGroup;
			children = (
				05724386391D8ECC24402114 /* Pods_Neva.framework */,
			);
			name = Frameworks;
			sourceTree = "<group>";
		};
/* End PBXGroup section */

/* Begin PBXNativeTarget section */
		652E9B3122A0334100A8AF69 /* Neva */ = {
			isa = PBXNativeTarget;
			buildConfigurationList = 652E9B4422A0334300A8AF69 /* Build configuration list for PBXNativeTarget "Neva" */;
			buildPhases = (
				93442E3E25C66978D94980EA /* [CP] Check Pods Manifest.lock */,
				652E9B2E22A0334100A8AF69 /* Sources */,
				652E9B2F22A0334100A8AF69 /* Frameworks */,
				652E9B3022A0334100A8AF69 /* Resources */,
				C8AB771A5222579346B27DB7 /* [CP] Embed Pods Frameworks */,
			);
			buildRules = (
			);
			dependencies = (
			);
			name = Neva;
			productName = Neva;
			productReference = 652E9B3222A0334100A8AF69 /* Neva.app */;
			productType = "com.apple.product-type.application";
		};
/* End PBXNativeTarget section */

/* Begin PBXProject section */
		652E9B2A22A0334100A8AF69 /* Project object */ = {
			isa = PBXProject;
			attributes = {
				LastSwiftUpdateCheck = 1010;
				LastUpgradeCheck = 1010;
				ORGANIZATIONNAME = "Gourav  Garg";
				TargetAttributes = {
					652E9B3122A0334100A8AF69 = {
						CreatedOnToolsVersion = 10.1;
					};
				};
			};
			buildConfigurationList = 652E9B2D22A0334100A8AF69 /* Build configuration list for PBXProject "Neva" */;
			compatibilityVersion = "Xcode 9.3";
			developmentRegion = en;
			hasScannedForEncodings = 0;
			knownRegions = (
				en,
				Base,
			);
			mainGroup = 652E9B2922A0334100A8AF69;
			productRefGroup = 652E9B3322A0334100A8AF69 /* Products */;
			projectDirPath = "";
			projectRoot = "";
			targets = (
				652E9B3122A0334100A8AF69 /* Neva */,
			);
		};
/* End PBXProject section */

/* Begin PBXResourcesBuildPhase section */
		652E9B3022A0334100A8AF69 /* Resources */ = {
			isa = PBXResourcesBuildPhase;
			buildActionMask = 2147483647;
			files = (
				652E9B4022A0334200A8AF69 /* LaunchScreen.storyboard in Resources */,
				652E9B3D22A0334200A8AF69 /* Assets.xcassets in Resources */,
				652E9B3B22A0334100A8AF69 /* Main.storyboard in Resources */,
			);
			runOnlyForDeploymentPostprocessing = 0;
		};
/* End PBXResourcesBuildPhase section */

/* Begin PBXShellScriptBuildPhase section */
		93442E3E25C66978D94980EA /* [CP] Check Pods Manifest.lock */ = {
			isa = PBXShellScriptBuildPhase;
			buildActionMask = 2147483647;
			files = (
			);
			inputFileListPaths = (
			);
			inputPaths = (
				"${PODS_PODFILE_DIR_PATH}/Podfile.lock",
				"${PODS_ROOT}/Manifest.lock",
			);
			name = "[CP] Check Pods Manifest.lock";
			outputFileListPaths = (
			);
			outputPaths = (
				"$(DERIVED_FILE_DIR)/Pods-Neva-checkManifestLockResult.txt",
			);
			runOnlyForDeploymentPostprocessing = 0;
			shellPath = /bin/sh;
			shellScript = "diff \"${PODS_PODFILE_DIR_PATH}/Podfile.lock\" \"${PODS_ROOT}/Manifest.lock\" > /dev/null\nif [ $? != 0 ] ; then\n    # print error to STDERR\n    echo \"error: The sandbox is not in sync with the Podfile.lock. Run 'pod install' or update your CocoaPods installation.\" >&2\n    exit 1\nfi\n# This output is used by Xcode 'outputs' to avoid re-running this script phase.\necho \"SUCCESS\" > \"${SCRIPT_OUTPUT_FILE_0}\"\n";
			showEnvVarsInLog = 0;
		};
		C8AB771A5222579346B27DB7 /* [CP] Embed Pods Frameworks */ = {
			isa = PBXShellScriptBuildPhase;
			buildActionMask = 2147483647;
			files = (
			);
			inputFileListPaths = (
			);
			inputPaths = (
				"${PODS_ROOT}/Target Support Files/Pods-Neva/Pods-Neva-frameworks.sh",
				"${BUILT_PRODUCTS_DIR}/Kingfisher/Kingfisher.framework",
			);
			name = "[CP] Embed Pods Frameworks";
			outputFileListPaths = (
			);
			outputPaths = (
				"${TARGET_BUILD_DIR}/${FRAMEWORKS_FOLDER_PATH}/Kingfisher.framework",
			);
			runOnlyForDeploymentPostprocessing = 0;
			shellPath = /bin/sh;
			shellScript = "\"${PODS_ROOT}/Target Support Files/Pods-Neva/Pods-Neva-frameworks.sh\"\n";
			showEnvVarsInLog = 0;
		};
/* End PBXShellScriptBuildPhase section */

/* Begin PBXSourcesBuildPhase section */
		652E9B2E22A0334100A8AF69 /* Sources */ = {
			isa = PBXSourcesBuildPhase;
			buildActionMask = 2147483647;
			files = (
				652E9B3622A0334100A8AF69 /* AppDelegate.swift in Sources */,
				652E9B5922A11BCA00A8AF69 /* UserData.swift in Sources */,
				652E9B6222A129E700A8AF69 /* UserService.swift in Sources */,
				652E9B6622A18B5400A8AF69 /* ImageExtension.swift in Sources */,
				652E9B5522A11B4400A8AF69 /* UserTableViewCell.swift in Sources */,
				652E9B5E22A1239D00A8AF69 /* Request.swift in Sources */,
				652E9B5722A11BBE00A8AF69 /* UserDataList.swift in Sources */,
				652E9B4E22A10AAE00A8AF69 /* UserListViewController.swift in Sources */,
				652E9B6422A1435300A8AF69 /* Reachability.swift in Sources */,
				652E9B6022A1242800A8AF69 /* Constants.swift in Sources */,
			);
			runOnlyForDeploymentPostprocessing = 0;
		};
/* End PBXSourcesBuildPhase section */

/* Begin PBXVariantGroup section */
		652E9B3922A0334100A8AF69 /* Main.storyboard */ = {
			isa = PBXVariantGroup;
			children = (
				652E9B3A22A0334100A8AF69 /* Base */,
			);
			name = Main.storyboard;
			sourceTree = "<group>";
		};
		652E9B3E22A0334200A8AF69 /* LaunchScreen.storyboard */ = {
			isa = PBXVariantGroup;
			children = (
				652E9B3F22A0334200A8AF69 /* Base */,
			);
			name = LaunchScreen.storyboard;
			sourceTree = "<group>";
		};
/* End PBXVariantGroup section */

/* Begin XCBuildConfiguration section */
		652E9B4222A0334300A8AF69 /* Debug */ = {
			isa = XCBuildConfiguration;
			buildSettings = {
				ALWAYS_SEARCH_USER_PATHS = NO;
				CLANG_ANALYZER_NONNULL = YES;
				CLANG_ANALYZER_NUMBER_OBJECT_CONVERSION = YES_AGGRESSIVE;
				CLANG_CXX_LANGUAGE_STANDARD = "gnu++14";
				CLANG_CXX_LIBRARY = "libc++";
				CLANG_ENABLE_MODULES = YES;
				CLANG_ENABLE_OBJC_ARC = YES;
				CLANG_ENABLE_OBJC_WEAK = YES;
				CLANG_WARN_BLOCK_CAPTURE_AUTORELEASING = YES;
				CLANG_WARN_BOOL_CONVERSION = YES;
				CLANG_WARN_COMMA = YES;
				CLANG_WARN_CONSTANT_CONVERSION = YES;
				CLANG_WARN_DEPRECATED_OBJC_IMPLEMENTATIONS = YES;
				CLANG_WARN_DIRECT_OBJC_ISA_USAGE = YES_ERROR;
				CLANG_WARN_DOCUMENTATION_COMMENTS = YES;
				CLANG_WARN_EMPTY_BODY = YES;
				CLANG_WARN_ENUM_CONVERSION = YES;
				CLANG_WARN_INFINITE_RECURSION = YES;
				CLANG_WARN_INT_CONVERSION = YES;
				CLANG_WARN_NON_LITERAL_NULL_CONVERSION = YES;
				CLANG_WARN_OBJC_IMPLICIT_RETAIN_SELF = YES;
				CLANG_WARN_OBJC_LITERAL_CONVERSION = YES;
				CLANG_WARN_OBJC_ROOT_CLASS = YES_ERROR;
				CLANG_WARN_RANGE_LOOP_ANALYSIS = YES;
				CLANG_WARN_STRICT_PROTOTYPES = YES;
				CLANG_WARN_SUSPICIOUS_MOVE = YES;
				CLANG_WARN_UNGUARDED_AVAILABILITY = YES_AGGRESSIVE;
				CLANG_WARN_UNREACHABLE_CODE = YES;
				CLANG_WARN__DUPLICATE_METHOD_MATCH = YES;
				CODE_SIGN_IDENTITY = "iPhone Developer";
				COPY_PHASE_STRIP = NO;
				DEBUG_INFORMATION_FORMAT = dwarf;
				ENABLE_STRICT_OBJC_MSGSEND = YES;
				ENABLE_TESTABILITY = YES;
				GCC_C_LANGUAGE_STANDARD = gnu11;
				GCC_DYNAMIC_NO_PIC = NO;
				GCC_NO_COMMON_BLOCKS = YES;
				GCC_OPTIMIZATION_LEVEL = 0;
				GCC_PREPROCESSOR_DEFINITIONS = (
					"DEBUG=1",
					"$(inherited)",
				);
				GCC_WARN_64_TO_32_BIT_CONVERSION = YES;
				GCC_WARN_ABOUT_RETURN_TYPE = YES_ERROR;
				GCC_WARN_UNDECLARED_SELECTOR = YES;
				GCC_WARN_UNINITIALIZED_AUTOS = YES_AGGRESSIVE;
				GCC_WARN_UNUSED_FUNCTION = YES;
				GCC_WARN_UNUSED_VARIABLE = YES;
				IPHONEOS_DEPLOYMENT_TARGET = 12.1;
				MTL_ENABLE_DEBUG_INFO = INCLUDE_SOURCE;
				MTL_FAST_MATH = YES;
				ONLY_ACTIVE_ARCH = YES;
				SDKROOT = iphoneos;
				SWIFT_ACTIVE_COMPILATION_CONDITIONS = DEBUG;
				SWIFT_OPTIMIZATION_LEVEL = "-Onone";
			};
			name = Debug;
		};
		652E9B4322A0334300A8AF69 /* Release */ = {
			isa = XCBuildConfiguration;
			buildSettings = {
				ALWAYS_SEARCH_USER_PATHS = NO;
				CLANG_ANALYZER_NONNULL = YES;
				CLANG_ANALYZER_NUMBER_OBJECT_CONVERSION = YES_AGGRESSIVE;
				CLANG_CXX_LANGUAGE_STANDARD = "gnu++14";
				CLANG_CXX_LIBRARY = "libc++";
				CLANG_ENABLE_MODULES = YES;
				CLANG_ENABLE_OBJC_ARC = YES;
				CLANG_ENABLE_OBJC_WEAK = YES;
				CLANG_WARN_BLOCK_CAPTURE_AUTORELEASING = YES;
				CLANG_WARN_BOOL_CONVERSION = YES;
				CLANG_WARN_COMMA = YES;
				CLANG_WARN_CONSTANT_CONVERSION = YES;
				CLANG_WARN_DEPRECATED_OBJC_IMPLEMENTATIONS = YES;
				CLANG_WARN_DIRECT_OBJC_ISA_USAGE = YES_ERROR;
				CLANG_WARN_DOCUMENTATION_COMMENTS = YES;
				CLANG_WARN_EMPTY_BODY = YES;
				CLANG_WARN_ENUM_CONVERSION = YES;
				CLANG_WARN_INFINITE_RECURSION = YES;
				CLANG_WARN_INT_CONVERSION = YES;
				CLANG_WARN_NON_LITERAL_NULL_CONVERSION = YES;
				CLANG_WARN_OBJC_IMPLICIT_RETAIN_SELF = YES;
				CLANG_WARN_OBJC_LITERAL_CONVERSION = YES;
				CLANG_WARN_OBJC_ROOT_CLASS = YES_ERROR;
				CLANG_WARN_RANGE_LOOP_ANALYSIS = YES;
				CLANG_WARN_STRICT_PROTOTYPES = YES;
				CLANG_WARN_SUSPICIOUS_MOVE = YES;
				CLANG_WARN_UNGUARDED_AVAILABILITY = YES_AGGRESSIVE;
				CLANG_WARN_UNREACHABLE_CODE = YES;
				CLANG_WARN__DUPLICATE_METHOD_MATCH = YES;
				CODE_SIGN_IDENTITY = "iPhone Developer";
				COPY_PHASE_STRIP = NO;
				DEBUG_INFORMATION_FORMAT = "dwarf-with-dsym";
				ENABLE_NS_ASSERTIONS = NO;
				ENABLE_STRICT_OBJC_MSGSEND = YES;
				GCC_C_LANGUAGE_STANDARD = gnu11;
				GCC_NO_COMMON_BLOCKS = YES;
				GCC_WARN_64_TO_32_BIT_CONVERSION = YES;
				GCC_WARN_ABOUT_RETURN_TYPE = YES_ERROR;
				GCC_WARN_UNDECLARED_SELECTOR = YES;
				GCC_WARN_UNINITIALIZED_AUTOS = YES_AGGRESSIVE;
				GCC_WARN_UNUSED_FUNCTION = YES;
				GCC_WARN_UNUSED_VARIABLE = YES;
				IPHONEOS_DEPLOYMENT_TARGET = 12.1;
				MTL_ENABLE_DEBUG_INFO = NO;
				MTL_FAST_MATH = YES;
				SDKROOT = iphoneos;
				SWIFT_COMPILATION_MODE = wholemodule;
				SWIFT_OPTIMIZATION_LEVEL = "-O";
				VALIDATE_PRODUCT = YES;
			};
			name = Release;
		};
		652E9B4522A0334300A8AF69 /* Debug */ = {
			isa = XCBuildConfiguration;
			baseConfigurationReference = FAFC2E87CE84D14FD7E4D649 /* Pods-Neva.debug.xcconfig */;
			buildSettings = {
				ASSETCATALOG_COMPILER_APPICON_NAME = AppIcon;
				CODE_SIGN_STYLE = Automatic;
				DEVELOPMENT_TEAM = "";
				INFOPLIST_FILE = Neva/Info.plist;
				IPHONEOS_DEPLOYMENT_TARGET = 10.0;
				LD_RUNPATH_SEARCH_PATHS = (
					"$(inherited)",
					"@executable_path/Frameworks",
				);
				PRODUCT_BUNDLE_IDENTIFIER = com.gourav.Neva;
				PRODUCT_NAME = "$(TARGET_NAME)";
				SWIFT_VERSION = 4.2;
				TARGETED_DEVICE_FAMILY = 1;
			};
			name = Debug;
		};
		652E9B4622A0334300A8AF69 /* Release */ = {
			isa = XCBuildConfiguration;
			baseConfigurationReference = BF712A57301E529DDFAA67DB /* Pods-Neva.release.xcconfig */;
			buildSettings = {
				ASSETCATALOG_COMPILER_APPICON_NAME = AppIcon;
				CODE_SIGN_STYLE = Automatic;
				DEVELOPMENT_TEAM = "";
				INFOPLIST_FILE = Neva/Info.plist;
				IPHONEOS_DEPLOYMENT_TARGET = 10.0;
				LD_RUNPATH_SEARCH_PATHS = (
					"$(inherited)",
					"@executable_path/Frameworks",
				);
				PRODUCT_BUNDLE_IDENTIFIER = com.gourav.Neva;
				PRODUCT_NAME = "$(TARGET_NAME)";
				SWIFT_VERSION = 4.2;
				TARGETED_DEVICE_FAMILY = 1;
			};
			name = Release;
		};
/* End XCBuildConfiguration section */

/* Begin XCConfigurationList section */
		652E9B2D22A0334100A8AF69 /* Build configuration list for PBXProject "Neva" */ = {
			isa = XCConfigurationList;
			buildConfigurations = (
				652E9B4222A0334300A8AF69 /* Debug */,
				652E9B4322A0334300A8AF69 /* Release */,
			);
			defaultConfigurationIsVisible = 0;
			defaultConfigurationName = Release;
		};
		652E9B4422A0334300A8AF69 /* Build configuration list for PBXNativeTarget "Neva" */ = {
			isa = XCConfigurationList;
			buildConfigurations = (
				652E9B4522A0334300A8AF69 /* Debug */,
				652E9B4622A0334300A8AF69 /* Release */,
			);
			defaultConfigurationIsVisible = 0;
			defaultConfigurationName = Release;
		};
/* End XCConfigurationList section */
	};
	rootObject = 652E9B2A22A0334100A8AF69 /* Project object */;
}
